
Microsoft Visual Studio Solution File, Format Version 12.00
# Visual Studio Version 16
VisualStudioVersion = 16.0.31613.86
MinimumVisualStudioVersion = 10.0.40219.1
Project("{8BC9CEB8-8B4A-11D0-8D11-00A0C91BC942}") = "Crypto", "Crypto.vcxproj", "{A7C63598-7F2D-4E3C-B79A-F6CFEAC286CC}"
EndProject
Project("{9A19103F-16F7-4668-BE54-9A1E7A4F7556}") = "SecurePassword", "..\SecurePassword\SecurePassword.csproj", "{EC41829E-E5A6-461B-8BC0-AF08E65A7941}"
EndProject
Project("{9A19103F-16F7-4668-BE54-9A1E7A4F7556}") = "SymmetricalCrypto", "..\SymmetricalCrypto\SymmetricalCrypto.csproj", "{32B4D40F-A99F-42BC-A520-D7EB316195CF}"
EndProject
Project("{FAE04EC0-301F-11D3-BF4B-00C04F79EFBC}") = "AsymmetricalCrypto", "..\AsymmetricalCrypto\AsymmetricalCrypto.csproj", "{9DDB4952-55AB-4E9A-AFF2-9A4B451FFC1D}"
EndProject
Global
	GlobalSection(SolutionConfigurationPlatforms) = preSolution
		Debug|Any CPU = Debug|Any CPU
		Debug|x64 = Debug|x64
		Debug|x86 = Debug|x86
		Release|Any CPU = Release|Any CPU
		Release|x64 = Release|x64
		Release|x86 = Release|x86
	EndGlobalSection
	GlobalSection(ProjectConfigurationPlatforms) = postSolution
		{A7C63598-7F2D-4E3C-B79A-F6CFEAC286CC}.Debug|Any CPU.ActiveCfg = Debug|Win32
		{A7C63598-7F2D-4E3C-B79A-F6CFEAC286CC}.Debug|x64.ActiveCfg = Debug|x64
		{A7C63598-7F2D-4E3C-B79A-F6CFEAC286CC}.Debug|x64.Build.0 = Debug|x64
		{A7C63598-7F2D-4E3C-B79A-F6CFEAC286CC}.Debug|x86.ActiveCfg = Debug|Win32
		{A7C63598-7F2D-4E3C-B79A-F6CFEAC286CC}.Debug|x86.Build.0 = Debug|Win32
		{A7C63598-7F2D-4E3C-B79A-F6CFEAC286CC}.Release|Any CPU.ActiveCfg = Release|Win32
		{A7C63598-7F2D-4E3C-B79A-F6CFEAC286CC}.Release|x64.ActiveCfg = Release|x64
		{A7C63598-7F2D-4E3C-B79A-F6CFEAC286CC}.Release|x64.Build.0 = Release|x64
		{A7C63598-7F2D-4E3C-B79A-F6CFEAC286CC}.Release|x86.ActiveCfg = Release|Win32
		{A7C63598-7F2D-4E3C-B79A-F6CFEAC286CC}.Release|x86.Build.0 = Release|Win32
		{EC41829E-E5A6-461B-8BC0-AF08E65A7941}.Debug|Any CPU.ActiveCfg = Debug|Any CPU
		{EC41829E-E5A6-461B-8BC0-AF08E65A7941}.Debug|Any CPU.Build.0 = Debug|Any CPU
		{EC41829E-E5A6-461B-8BC0-AF08E65A7941}.Debug|x64.ActiveCfg = Debug|Any CPU
		{EC41829E-E5A6-461B-8BC0-AF08E65A7941}.Debug|x64.Build.0 = Debug|Any CPU
		{EC41829E-E5A6-461B-8BC0-AF08E65A7941}.Debug|x86.ActiveCfg = Debug|Any CPU
		{EC41829E-E5A6-461B-8BC0-AF08E65A7941}.Debug|x86.Build.0 = Debug|Any CPU
		{EC41829E-E5A6-461B-8BC0-AF08E65A7941}.Release|Any CPU.ActiveCfg = Release|Any CPU
		{EC41829E-E5A6-461B-8BC0-AF08E65A7941}.Release|Any CPU.Build.0 = Release|Any CPU
		{EC41829E-E5A6-461B-8BC0-AF08E65A7941}.Release|x64.ActiveCfg = Release|Any CPU
		{EC41829E-E5A6-461B-8BC0-AF08E65A7941}.Release|x64.Build.0 = Release|Any CPU
		{EC41829E-E5A6-461B-8BC0-AF08E65A7941}.Release|x86.ActiveCfg = Release|Any CPU
		{EC41829E-E5A6-461B-8BC0-AF08E65A7941}.Release|x86.Build.0 = Release|Any CPU
		{32B4D40F-A99F-42BC-A520-D7EB316195CF}.Debug|Any CPU.ActiveCfg = Debug|Any CPU
		{32B4D40F-A99F-42BC-A520-D7EB316195CF}.Debug|Any CPU.Build.0 = Debug|Any CPU
		{32B4D40F-A99F-42BC-A520-D7EB316195CF}.Debug|x64.ActiveCfg = Debug|Any CPU
		{32B4D40F-A99F-42BC-A520-D7EB316195CF}.Debug|x64.Build.0 = Debug|Any CPU
		{32B4D40F-A99F-42BC-A520-D7EB316195CF}.Debug|x86.ActiveCfg = Debug|Any CPU
		{32B4D40F-A99F-42BC-A520-D7EB316195CF}.Debug|x86.Build.0 = Debug|Any CPU
		{32B4D40F-A99F-42BC-A520-D7EB316195CF}.Release|Any CPU.ActiveCfg = Release|Any CPU
		{32B4D40F-A99F-42BC-A520-D7EB316195CF}.Release|Any CPU.Build.0 = Release|Any CPU
		{32B4D40F-A99F-42BC-A520-D7EB316195CF}.Release|x64.ActiveCfg = Release|Any CPU
		{32B4D40F-A99F-42BC-A520-D7EB316195CF}.Release|x64.Build.0 = Release|Any CPU
		{32B4D40F-A99F-42BC-A520-D7EB316195CF}.Release|x86.ActiveCfg = Release|Any CPU
		{32B4D40F-A99F-42BC-A520-D7EB316195CF}.Release|x86.Build.0 = Release|Any CPU
		{9DDB4952-55AB-4E9A-AFF2-9A4B451FFC1D}.Debug|Any CPU.ActiveCfg = Debug|Any CPU
		{9DDB4952-55AB-4E9A-AFF2-9A4B451FFC1D}.Debug|Any CPU.Build.0 = Debug|Any CPU
		{9DDB4952-55AB-4E9A-AFF2-9A4B451FFC1D}.Debug|x64.ActiveCfg = Debug|Any CPU
		{9DDB4952-55AB-4E9A-AFF2-9A4B451FFC1D}.Debug|x64.Build.0 = Debug|Any CPU
		{9DDB4952-55AB-4E9A-AFF2-9A4B451FFC1D}.Debug|x86.ActiveCfg = Debug|Any CPU
		{9DDB4952-55AB-4E9A-AFF2-9A4B451FFC1D}.Debug|x86.Build.0 = Debug|Any CPU
		{9DDB4952-55AB-4E9A-AFF2-9A4B451FFC1D}.Release|Any CPU.ActiveCfg = Release|Any CPU
		{9DDB4952-55AB-4E9A-AFF2-9A4B451FFC1D}.Release|Any CPU.Build.0 = Release|Any CPU
		{9DDB4952-55AB-4E9A-AFF2-9A4B451FFC1D}.Release|x64.ActiveCfg = Release|Any CPU
		{9DDB4952-55AB-4E9A-AFF2-9A4B451FFC1D}.Release|x64.Build.0 = Release|Any CPU
		{9DDB4952-55AB-4E9A-AFF2-9A4B451FFC1D}.Release|x86.ActiveCfg = Release|Any CPU
		{9DDB4952-55AB-4E9A-AFF2-9A4B451FFC1D}.Release|x86.Build.0 = Release|Any CPU
	EndGlobalSection
	GlobalSection(SolutionProperties) = preSolution
		HideSolutionNode = FALSE
	EndGlobalSection
	GlobalSection(ExtensibilityGlobals) = postSolution
		SolutionGuid = {089E7273-91B5-48F4-90C3-E03C3D0A6CB1}
	EndGlobalSection
EndGlobal
